{
    "_meta": {
        "hash": {
            "sha256": "aa8a01796b6df8e48d28be82fdd5336e71ee52cd77e1de4b32bf6256f33325fb"
        },
        "pipfile-spec": 6,
        "requires": {
            "python_version": "3.9"
        },
        "sources": [
            {
                "name": "pypi",
                "url": "https://pypi.org/simple",
                "verify_ssl": true
            }
        ]
    },
    "default": {
        "falcon": {
            "hashes": [
                "sha256:0212df91414c13c08a9cf4023488b2d47956712f712332f420bb0c7bdf39c6fa",
                "sha256:085b30b09ff4bdb31fda0a83a65f427d8dd4b5b5b21058781c38aff9747b5991",
                "sha256:0df4dee0ef89b4de5e2ba4402ac249942b09758a0decdc7a63d5edb3792c4c1c",
                "sha256:16f8735512af3f52473e3eda37e75bf697f6ced5afc3e9dc7110c430777823ab",
                "sha256:1bdf8085877bd049f799a34680d42fa82e2b93dcf8320d092f7e75933d0afcee",
                "sha256:260645c13d477af434fc200ec67734efc41e620b3f6e0479e722897511166b46",
                "sha256:3710b051f54c158310b45b1432a993803cdccb3e167d3e89aa93076ff77d2673",
                "sha256:485ef504d196390ebc0974cefd3f5fab4ad8a3ede4e5a7c0a803f555bcd8da45",
                "sha256:514dee9b6d66408e43fcef9aef2436004cd2e3163625f194dd064fce67269cce",
                "sha256:56b267fa2df7e0400a639cf40a994baac19170425b0b8bbad5a8a81e07f9717d",
                "sha256:65b1798026e3dbd2d323fa9b03f90e3827be4fe0d3c1f9e3ba3d4a7a001de566",
                "sha256:93ec7fc600ffee2377beeeeca32d8171ff305e9267bcd37bba5a7ce8af1e177f",
                "sha256:94fb4582212768ac425d023b7884e60d09a0bd4c5cd50ca8af0272af1cba5da6",
                "sha256:a70fc0f9f115e763effdf9fc6140a2b5df9f37bd2707f3b29e0a1357dbf53784",
                "sha256:a95b6a373b8f6014b0bc7090b1de031c9d237007211ef55a19b60241cf728e61",
                "sha256:a9d5be8902e977ac93aeebf2b8959e2c3d82783d7ea6a1fc80cef5352b83549b",
                "sha256:b1280db58c2af48b1ba24e39674fb6d84389eff5c4772a327a5af606eeead272",
                "sha256:c3abcd37545de531e7dada4113c88f01e86c7596c7c59300769d64ea7771a75e",
                "sha256:c41d84db325881a870e8b7129d5ecfd972fa4323cf77b7119a1d2a21966ee681",
                "sha256:c9a3cf58f9f3c9769bff3b24037b150c9f6658df4c899d68fa433f5acdfdb004",
                "sha256:ce052e91b8325a76ddc2066e35bb032e0be4671cd824f027d1826c68a0fd09e3",
                "sha256:d6c7f9b2063a4c0ac2516df014c5299ae098579e83025d342f31fe1ef8e994d7",
                "sha256:e6afb13a80b6a4383a66093af7bb0e8e02433ca5ebc7516842a6a3f112c844ae",
                "sha256:ee78a9934f8143c5eef9bfe949044c7eab3fef80a51cbc67cf6cb6b34c5613ce",
                "sha256:f1f70c6f086c53b0cc819a0725d3814ad62e105b62d4c4e2c46322f13e7910e7",
                "sha256:fa46751209af4f4882d3d60e430ea586e170bc03e1bd5b08cb16f6b96068febc",
                "sha256:ff4672f3549b00b62e710d3169903d14e37726f04045a0563b56d9af3fba271d"
            ],
            "index": "pypi",
            "version": "==3.0.1"
        },
        "gunicorn": {
            "hashes": [
                "sha256:9dcc4547dbb1cb284accfb15ab5667a0e5d1881cc443e0677b4882a4067a807e",
                "sha256:e0a968b5ba15f8a328fdfd7ab1fcb5af4470c28aaf7e55df02a99bc13138e6e8"
            ],
            "index": "pypi",
            "version": "==20.1.0"
        },
        "prometheus-client": {
            "hashes": [
                "sha256:1b12ba48cee33b9b0b9de64a1047cbd3c5f2d0ab6ebcead7ddda613a750ec3c5",
                "sha256:317453ebabff0a1b02df7f708efbab21e3489e7072b61cb6957230dd004a0af0"
            ],
            "index": "pypi",
            "version": "==0.12.0"
        },
        "psycopg2-binary": {
            "hashes": [
                "sha256:0b7dae87f0b729922e06f85f667de7bf16455d411971b2043bbd9577af9d1975",
                "sha256:0f2e04bd2a2ab54fa44ee67fe2d002bb90cee1c0f1cc0ebc3148af7b02034cbd",
                "sha256:123c3fb684e9abfc47218d3784c7b4c47c8587951ea4dd5bc38b6636ac57f616",
                "sha256:1473c0215b0613dd938db54a653f68251a45a78b05f6fc21af4326f40e8360a2",
                "sha256:14db1752acdd2187d99cb2ca0a1a6dfe57fc65c3281e0f20e597aac8d2a5bd90",
                "sha256:1e3a362790edc0a365385b1ac4cc0acc429a0c0d662d829a50b6ce743ae61b5a",
                "sha256:1e85b74cbbb3056e3656f1cc4781294df03383127a8114cbc6531e8b8367bf1e",
                "sha256:1f6ca4a9068f5c5c57e744b4baa79f40e83e3746875cac3c45467b16326bab45",
                "sha256:20f1ab44d8c352074e2d7ca67dc00843067788791be373e67a0911998787ce7d",
                "sha256:24b0b6688b9f31a911f2361fe818492650795c9e5d3a1bc647acbd7440142a4f",
                "sha256:2f62c207d1740b0bde5c4e949f857b044818f734a3d57f1d0d0edc65050532ed",
                "sha256:3242b9619de955ab44581a03a64bdd7d5e470cc4183e8fcadd85ab9d3756ce7a",
                "sha256:35c4310f8febe41f442d3c65066ca93cccefd75013df3d8c736c5b93ec288140",
                "sha256:4235f9d5ddcab0b8dbd723dca56ea2922b485ea00e1dafacf33b0c7e840b3d32",
                "sha256:542875f62bc56e91c6eac05a0deadeae20e1730be4c6334d8f04c944fcd99759",
                "sha256:5ced67f1e34e1a450cdb48eb53ca73b60aa0af21c46b9b35ac3e581cf9f00e31",
                "sha256:661509f51531ec125e52357a489ea3806640d0ca37d9dada461ffc69ee1e7b6e",
                "sha256:7360647ea04db2e7dff1648d1da825c8cf68dc5fbd80b8fb5b3ee9f068dcd21a",
                "sha256:736b8797b58febabb85494142c627bd182b50d2a7ec65322983e71065ad3034c",
                "sha256:8c13d72ed6af7fd2c8acbd95661cf9477f94e381fce0792c04981a8283b52917",
                "sha256:988b47ac70d204aed01589ed342303da7c4d84b56c2f4c4b8b00deda123372bf",
                "sha256:995fc41ebda5a7a663a254a1dcac52638c3e847f48307b5416ee373da15075d7",
                "sha256:a36c7eb6152ba5467fb264d73844877be8b0847874d4822b7cf2d3c0cb8cdcb0",
                "sha256:aed4a9a7e3221b3e252c39d0bf794c438dc5453bc2963e8befe9d4cd324dff72",
                "sha256:aef9aee84ec78af51107181d02fe8773b100b01c5dfde351184ad9223eab3698",
                "sha256:b0221ca5a9837e040ebf61f48899926b5783668b7807419e4adae8175a31f773",
                "sha256:b4d7679a08fea64573c969f6994a2631908bb2c0e69a7235648642f3d2e39a68",
                "sha256:c250a7ec489b652c892e4f0a5d122cc14c3780f9f643e1a326754aedf82d9a76",
                "sha256:ca86db5b561b894f9e5f115d6a159fff2a2570a652e07889d8a383b5fae66eb4",
                "sha256:cfc523edecddaef56f6740d7de1ce24a2fdf94fd5e704091856a201872e37f9f",
                "sha256:d92272c7c16e105788efe2cfa5d680f07e34e0c29b03c1908f8636f55d5f915a",
                "sha256:da113b70f6ec40e7d81b43d1b139b9db6a05727ab8be1ee559f3a69854a69d34",
                "sha256:ebccf1123e7ef66efc615a68295bf6fdba875a75d5bba10a05073202598085fc",
                "sha256:f6fac64a38f6768e7bc7b035b9e10d8a538a9fadce06b983fb3e6fa55ac5f5ce",
                "sha256:f8559617b1fcf59a9aedba2c9838b5b6aa211ffedecabca412b92a1ff75aac1a",
                "sha256:fbb42a541b1093385a2d8c7eec94d26d30437d0e77c1d25dae1dcc46741a385e"
            ],
            "index": "pypi",
            "version": "==2.9.1"
        },
        "sqlalchemy": {
            "hashes": [
                "sha256:07ac4461a1116b317519ddf6f34bcb00b011b5c1370ebeaaf56595504ffc7e84",
                "sha256:090536fd23bf49077ee94ff97142bc5ee8bad24294c3d7c8d5284267c885dde7",
                "sha256:1dee515578d04bc80c4f9a8c8cfe93f455db725059e885f1b1da174d91c4d077",
                "sha256:1ef37c9ec2015ce2f0dc1084514e197f2f199d3dc3514190db7620b78e6004c8",
                "sha256:295b90efef1278f27fe27d94a45460ae3c17f5c5c2b32c163e29c359740a1599",
                "sha256:2ce42ad1f59eb85c55c44fb505f8854081ee23748f76b62a7f569cfa9b6d0604",
                "sha256:2feb028dc75e13ba93456a42ac042b255bf94dbd692bf80b47b22653bb25ccf8",
                "sha256:31f4426cfad19b5a50d07153146b2bcb372a279975d5fa39f98883c0ef0f3313",
                "sha256:3c0c5f54560a92691d54b0768d67b4d3159e514b426cfcb1258af8c195577e8f",
                "sha256:463ef692259ff8189be42223e433542347ae17e33f91c1013e9c5c64e2798088",
                "sha256:4a882dedb9dfa6f33524953c3e3d72bcf518a5defd6d5863150a821928b19ad3",
                "sha256:4c185c928e2638af9bae13acc3f70e0096eac76471a1101a10f96b80666b8270",
                "sha256:5039faa365e7522a8eb4736a54afd24a7e75dcc33b81ab2f0e6c456140f1ad64",
                "sha256:5c6774b34782116ad9bdec61c2dbce9faaca4b166a0bc8e7b03c2b870b121d94",
                "sha256:6bc7f9d7d90ef55e8c6db1308a8619cd8f40e24a34f759119b95e7284dca351a",
                "sha256:7e8ef103eaa72a857746fd57dda5b8b5961e8e82a528a3f8b7e2884d8506f0b7",
                "sha256:7ef421c3887b39c6f352e5022a53ac18de8387de331130481cb956b2d029cad6",
                "sha256:908fad32c53b17aad12d722379150c3c5317c422437e44032256a77df1746292",
                "sha256:91efbda4e6d311812f23996242bad7665c1392209554f8a31ec6db757456db5c",
                "sha256:a6506c17b0b6016656783232d0bdd03fd333f1f654d51a14d93223f953903646",
                "sha256:a95bf9c725012dcd7ea3cac16bf647054e0d62b31d67467d228338e6a163e4ff",
                "sha256:ad7e403fc1e3cb76e802872694e30d6ca6129b9bc6ad4e7caa48ca35f8a144f8",
                "sha256:b86f762cee3709722ab4691981958cbec475ea43406a6916a7ec375db9cbd9e9",
                "sha256:ba84026e84379326bbf2f0c50792f2ae56ab9c01937df5597b6893810b8ca369",
                "sha256:bca660b76672e15d70a7dba5e703e1ce451a0257b6bd2028e62b0487885e8ae9",
                "sha256:c24c01dcd03426a5fe5ee7af735906bec6084977b9027a3605d11d949a565c01",
                "sha256:c2f2114b0968a280f94deeeaa31cfbac9175e6ac7bd3058b3ce6e054ecd762b3",
                "sha256:c46f013ff31b80cbe36410281675e1fb4eaf3e25c284fd8a69981c73f6fa4cb4",
                "sha256:c757ba1279b85b3460e72e8b92239dae6f8b060a75fb24b3d9be984dd78cfa55",
                "sha256:cc6b21f19bc9d4cd77cbcba5f3b260436ce033f1053cea225b6efea2603d201e",
                "sha256:dbf588ab09e522ac2cbd010919a592c6aae2f15ccc3cd9a96d01c42fbc13f63e",
                "sha256:de996756d894a2d52c132742e3b6d64ecd37e0919ddadf4dc3981818777c7e67",
                "sha256:e700d48056475d077f867e6a36e58546de71bdb6fdc3d34b879e3240827fefab",
                "sha256:f1e97c5f36b94542f72917b62f3a2f92be914b2cf33b80fa69cede7529241d2a",
                "sha256:fb2aa74a6e3c2cebea38dd21633671841fbe70ea486053cba33d68e3e22ccc0a",
                "sha256:ff8f91a7b1c4a1c7772caa9efe640f2768828897044748f2458b708f1026e2d4"
            ],
            "index": "pypi",
            "version": "==1.4.26"
        }
    },
    "develop": {
        "appdirs": {
            "hashes": [
                "sha256:7d5d0167b2b1ba821647616af46a749d1c653740dd0d2415100fe26e27afdf41",
                "sha256:a841dacd6b99318a741b166adb07e19ee71a274450e68237b4650ca1055ab128"
            ],
            "version": "==1.4.4"
        },
        "black": {
            "hashes": [
                "sha256:6eb7448da9143ee65b856a5f3676b7dda98ad9abe0f87fce8c59291f15e82a5b",
                "sha256:a9952229092e325fe5f3dae56d81f639b23f7131eb840781947e4b2886030f33"
            ],
            "index": "pypi",
            "version": "==21.10b0"
        },
        "certifi": {
            "hashes": [
                "sha256:78884e7c1d4b00ce3cea67b44566851c4343c120abd683433ce934a68ea58872",
                "sha256:d62a0163eb4c2344ac042ab2bdf75399a71a2d8c7d47eac2e2ee91b9d6339569"
            ],
            "version": "==2021.10.8"
        },
        "charset-normalizer": {
            "hashes": [
                "sha256:e019de665e2bcf9c2b64e2e5aa025fa991da8720daa3c1138cadd2fd1856aed0",
                "sha256:f7af805c321bfa1ce6714c51f254e0d5bb5e5834039bc17db7ebe3a4cec9492b"
            ],
            "markers": "python_version >= '3'",
            "version": "==2.0.7"
        },
        "click": {
            "hashes": [
                "sha256:353f466495adaeb40b6b5f592f9f91cb22372351c84caeb068132442a4518ef3",
                "sha256:410e932b050f5eed773c4cda94de75971c89cdb3155a72a0831139a79e5ecb5b"
            ],
            "markers": "python_version >= '3.6'",
            "version": "==8.0.3"
        },
        "colorama": {
            "hashes": [
                "sha256:5941b2b48a20143d2267e95b1c2a7603ce057ee39fd88e7329b0c292aa16869b",
                "sha256:9f47eda37229f68eee03b24b9748937c7dc3868f906e8ba69fbcbdd3bc5dc3e2"
            ],
            "markers": "python_version >= '3.5'",
            "version": "==0.4.4"
        },
        "flake8": {
            "hashes": [
                "sha256:479b1304f72536a55948cb40a32dce8bb0ffe3501e26eaf292c7e60eb5e0428d",
                "sha256:806e034dda44114815e23c16ef92f95c91e4c71100ff52813adf7132a6ad870d"
            ],
            "index": "pypi",
            "version": "==4.0.1"
        },
        "flake8-polyfill": {
            "hashes": [
                "sha256:12be6a34ee3ab795b19ca73505e7b55826d5f6ad7230d31b18e106400169b9e9",
                "sha256:e44b087597f6da52ec6393a709e7108b2905317d0c0b744cdca6208e670d8eda"
            ],
            "index": "pypi",
            "version": "==1.0.2"
        },
        "future": {
            "hashes": [
                "sha256:b1bead90b70cf6ec3f0710ae53a525360fa360d306a86583adc6bf83a4db537d"
            ],
            "markers": "python_version >= '2.6' and python_version not in '3.0, 3.1, 3.2, 3.3'",
            "version": "==0.18.2"
        },
        "idna": {
            "hashes": [
                "sha256:84d9dd047ffa80596e0f246e2eab0b391788b0503584e8945f2368256d2735ff",
                "sha256:9d643ff0a55b762d5cdb124b8eaa99c66322e2157b69160bc32796e824360e6d"
            ],
            "markers": "python_version >= '3'",
            "version": "==3.3"
        },
        "isort": {
            "hashes": [
                "sha256:1a18ccace2ed8910bd9458b74a3ecbafd7b2f581301b0ab65cfdd4338272d76f",
                "sha256:e52ff6d38012b131628cf0f26c51e7bd3a7c81592eefe3ac71411e692f1b9345"
            ],
            "index": "pypi",
            "version": "==5.10.0"
        },
        "jedi": {
            "hashes": [
                "sha256:18456d83f65f400ab0c2d3319e48520420ef43b23a086fdc05dff34132f0fb93",
                "sha256:92550a404bad8afed881a137ec9a461fed49eca661414be45059329614ed0707"
            ],
            "markers": "python_version >= '3.6'",
            "version": "==0.18.0"
        },
        "mando": {
            "hashes": [
                "sha256:4ce09faec7e5192ffc3c57830e26acba0fd6cd11e1ee81af0d4df0657463bd1c",
                "sha256:79feb19dc0f097daa64a1243db578e7674909b75f88ac2220f1c065c10a0d960"
            ],
            "version": "==0.6.4"
        },
        "mccabe": {
            "hashes": [
                "sha256:ab8a6258860da4b6677da4bd2fe5dc2c659cff31b3ee4f7f5d64e79735b80d42",
                "sha256:dd8d182285a0fe56bace7f45b5e7d1a6ebcbf524e8f3bd87eb0f125271b8831f"
            ],
            "version": "==0.6.1"
        },
        "mypy-extensions": {
            "hashes": [
                "sha256:090fedd75945a69ae91ce1303b5824f428daf5a028d2f6ab8a299250a846f15d",
                "sha256:2d82818f5bb3e369420cb3c4060a7970edba416647068eb4c5343488a6c604a8"
            ],
            "version": "==0.4.3"
        },
        "parso": {
            "hashes": [
                "sha256:12b83492c6239ce32ff5eed6d3639d6a536170723c6f3f1506869f1ace413398",
                "sha256:a8c4922db71e4fdb90e0d0bc6e50f9b273d3397925e5e60a717e719201778d22"
            ],
            "markers": "python_version >= '3.6'",
            "version": "==0.8.2"
        },
        "pathspec": {
            "hashes": [
                "sha256:7d15c4ddb0b5c802d161efc417ec1a2558ea2653c2e8ad9c19098201dc1c993a",
                "sha256:e564499435a2673d586f6b2130bb5b95f04a3ba06f81b8f895b651a3c76aabb1"
            ],
            "version": "==0.9.0"
        },
        "platformdirs": {
            "hashes": [
                "sha256:367a5e80b3d04d2428ffa76d33f124cf11e8fff2acdaa9b43d545f5c7d661ef2",
                "sha256:8868bbe3c3c80d42f20156f22e7131d2fb321f5bc86a2a345375c6481a67021d"
            ],
            "markers": "python_version >= '3.6'",
            "version": "==2.4.0"
        },
        "prompt-toolkit": {
            "hashes": [
                "sha256:449f333dd120bd01f5d296a8ce1452114ba3a71fae7288d2f0ae2c918764fa72",
                "sha256:48d85cdca8b6c4f16480c7ce03fd193666b62b0a21667ca56b4bb5ad679d1170"
            ],
            "markers": "python_full_version >= '3.6.2'",
            "version": "==3.0.22"
        },
        "ptpython": {
            "hashes": [
                "sha256:99636899ab0e4d026e2ecc9368269114f387b4bb5411e57f072b0bde724d9f99",
                "sha256:eafd4ced27ca5dc370881d4358d1ab5041b32d88d31af8e3c24167fe4af64ed6"
            ],
            "index": "pypi",
            "version": "==3.0.20"
        },
        "pycodestyle": {
            "hashes": [
                "sha256:720f8b39dde8b293825e7ff02c475f3077124006db4f440dcbc9a20b76548a20",
                "sha256:eddd5847ef438ea1c7870ca7eb78a9d47ce0cdb4851a5523949f2601d0cbbe7f"
            ],
            "markers": "python_version >= '2.7' and python_version not in '3.0, 3.1, 3.2, 3.3, 3.4'",
            "version": "==2.8.0"
        },
        "pyflakes": {
            "hashes": [
                "sha256:05a85c2872edf37a4ed30b0cce2f6093e1d0581f8c19d7393122da7e25b2b24c",
                "sha256:3bb3a3f256f4b7968c9c788781e4ff07dce46bdf12339dcda61053375426ee2e"
            ],
            "markers": "python_version >= '2.7' and python_version not in '3.0, 3.1, 3.2, 3.3'",
            "version": "==2.4.0"
        },
        "pygments": {
            "hashes": [
                "sha256:b8e67fe6af78f492b3c4b3e2970c0624cbf08beb1e493b2c99b9fa1b67a20380",
                "sha256:f398865f7eb6874156579fdf36bc840a03cab64d1cde9e93d68f46a425ec52c6"
            ],
            "markers": "python_version >= '3.5'",
            "version": "==2.10.0"
        },
        "pyyaml": {
            "hashes": [
                "sha256:08682f6b72c722394747bddaf0aa62277e02557c0fd1c42cb853016a38f8dedf",
                "sha256:0f5f5786c0e09baddcd8b4b45f20a7b5d61a7e7e99846e3c799b05c7c53fa696",
                "sha256:129def1b7c1bf22faffd67b8f3724645203b79d8f4cc81f674654d9902cb4393",
                "sha256:294db365efa064d00b8d1ef65d8ea2c3426ac366c0c4368d930bf1c5fb497f77",
                "sha256:3b2b1824fe7112845700f815ff6a489360226a5609b96ec2190a45e62a9fc922",
                "sha256:3bd0e463264cf257d1ffd2e40223b197271046d09dadf73a0fe82b9c1fc385a5",
                "sha256:4465124ef1b18d9ace298060f4eccc64b0850899ac4ac53294547536533800c8",
                "sha256:49d4cdd9065b9b6e206d0595fee27a96b5dd22618e7520c33204a4a3239d5b10",
                "sha256:4e0583d24c881e14342eaf4ec5fbc97f934b999a6828693a99157fde912540cc",
                "sha256:5accb17103e43963b80e6f837831f38d314a0495500067cb25afab2e8d7a4018",
                "sha256:607774cbba28732bfa802b54baa7484215f530991055bb562efbed5b2f20a45e",
                "sha256:6c78645d400265a062508ae399b60b8c167bf003db364ecb26dcab2bda048253",
                "sha256:72a01f726a9c7851ca9bfad6fd09ca4e090a023c00945ea05ba1638c09dc3347",
                "sha256:74c1485f7707cf707a7aef42ef6322b8f97921bd89be2ab6317fd782c2d53183",
                "sha256:895f61ef02e8fed38159bb70f7e100e00f471eae2bc838cd0f4ebb21e28f8541",
                "sha256:8c1be557ee92a20f184922c7b6424e8ab6691788e6d86137c5d93c1a6ec1b8fb",
                "sha256:bb4191dfc9306777bc594117aee052446b3fa88737cd13b7188d0e7aa8162185",
                "sha256:bfb51918d4ff3d77c1c856a9699f8492c612cde32fd3bcd344af9be34999bfdc",
                "sha256:c20cfa2d49991c8b4147af39859b167664f2ad4561704ee74c1de03318e898db",
                "sha256:cb333c16912324fd5f769fff6bc5de372e9e7a202247b48870bc251ed40239aa",
                "sha256:d2d9808ea7b4af864f35ea216be506ecec180628aced0704e34aca0b040ffe46",
                "sha256:d483ad4e639292c90170eb6f7783ad19490e7a8defb3e46f97dfe4bacae89122",
                "sha256:dd5de0646207f053eb0d6c74ae45ba98c3395a571a2891858e87df7c9b9bd51b",
                "sha256:e1d4970ea66be07ae37a3c2e48b5ec63f7ba6804bdddfdbd3cfd954d25a82e63",
                "sha256:e4fac90784481d221a8e4b1162afa7c47ed953be40d31ab4629ae917510051df",
                "sha256:fa5ae20527d8e831e8230cbffd9f8fe952815b2b7dae6ffec25318803a7528fc",
                "sha256:fd7f6999a8070df521b6384004ef42833b9bd62cfee11a09bda1079b4b704247",
                "sha256:fdc842473cd33f45ff6bce46aea678a54e3d21f1b61a7750ce3c498eedfe25d6",
                "sha256:fe69978f3f768926cfa37b867e3843918e012cf83f680806599ddce33c2c68b0"
            ],
            "markers": "python_version >= '2.7' and python_version not in '3.0, 3.1, 3.2, 3.3, 3.4, 3.5'",
            "version": "==5.4.1"
        },
        "radon": {
            "hashes": [
                "sha256:cb1d8752e5f862fb9e20d82b5f758cbc4fb1237c92c9a66450ea0ea7bf29aeee",
                "sha256:fa74e018197f1fcb54578af0f675d8b8e2342bd8e0b72bef8197bc4c9e645f36"
            ],
            "version": "==5.1.0"
        },
        "regex": {
            "hashes": [
                "sha256:0075fe4e2c2720a685fef0f863edd67740ff78c342cf20b2a79bc19388edf5db",
                "sha256:0621c90f28d17260b41838b22c81a79ff436141b322960eb49c7b3f91d1cbab6",
                "sha256:070336382ca92c16c45b4066c4ba9fa83fb0bd13d5553a82e07d344df8d58a84",
                "sha256:075b0fdbaea81afcac5a39a0d1bb91de887dd0d93bf692a5dd69c430e7fc58cb",
                "sha256:07e3755e0f070bc31567dfe447a02011bfa8444239b3e9e5cca6773a22133839",
                "sha256:0ed3465acf8c7c10aa2e0f3d9671da410ead63b38a77283ef464cbb64275df58",
                "sha256:17e095f7f96a4b9f24b93c2c915f31a5201a6316618d919b0593afb070a5270e",
                "sha256:1d85ca137756d62c8138c971453cafe64741adad1f6a7e63a22a5a8abdbd19fa",
                "sha256:20605bfad484e1341b2cbfea0708e4b211d233716604846baa54b94821f487cb",
                "sha256:23f93e74409c210de4de270d4bf88fb8ab736a7400f74210df63a93728cf70d6",
                "sha256:2bb7cae741de1aa03e3dd3a7d98c304871eb155921ca1f0d7cc11f5aade913fd",
                "sha256:2e3ff69ab203b54ce5c480c3ccbe959394ea5beef6bd5ad1785457df7acea92e",
                "sha256:30fe317332de0e50195665bc61a27d46e903d682f94042c36b3f88cb84bd7958",
                "sha256:3576e173e7b4f88f683b4de7db0c2af1b209bb48b2bf1c827a6f3564fad59a97",
                "sha256:35ed5714467fc606551db26f80ee5d6aa1f01185586a7bccd96f179c4b974a11",
                "sha256:41c66bd6750237a8ed23028a6c9173dc0c92dc24c473e771d3bfb9ee817700c3",
                "sha256:48b4f4810117a9072a5aa70f7fea5f86fa9efbe9a798312e0a05044bd707cc33",
                "sha256:4abf35e16f4b639daaf05a2602c1b1d47370e01babf9821306aa138924e3fe92",
                "sha256:4fba661a4966adbd2c3c08d3caad6822ecb6878f5456588e2475ae23a6e47929",
                "sha256:5e85dcfc5d0f374955015ae12c08365b565c6f1eaf36dd182476a4d8e5a1cdb7",
                "sha256:77f9d16f7970791f17ecce7e7f101548314ed1ee2583d4268601f30af3170856",
                "sha256:7ee36d5113b6506b97f45f2e8447cb9af146e60e3f527d93013d19f6d0405f3b",
                "sha256:7fab29411d75c2eb48070020a40f80255936d7c31357b086e5931c107d48306e",
                "sha256:85289c25f658e3260b00178757c87f033f3d4b3e40aa4abdd4dc875ff11a94fb",
                "sha256:886f459db10c0f9d17c87d6594e77be915f18d343ee138e68d259eb385f044a8",
                "sha256:897c539f0f3b2c3a715be651322bef2167de1cdc276b3f370ae81a3bda62df71",
                "sha256:8fbe1768feafd3d0156556677b8ff234c7bf94a8110e906b2d73506f577a3269",
                "sha256:9267e4fba27e6dd1008c4f2983cc548c98b4be4444e3e342db11296c0f45512f",
                "sha256:9486ebda015913909bc28763c6b92fcc3b5e5a67dee4674bceed112109f5dfb8",
                "sha256:956187ff49db7014ceb31e88fcacf4cf63371e6e44d209cf8816cd4a2d61e11a",
                "sha256:a56735c35a3704603d9d7b243ee06139f0837bcac2171d9ba1d638ce1df0742a",
                "sha256:ab1fea8832976ad0bebb11f652b692c328043057d35e9ebc78ab0a7a30cf9a70",
                "sha256:adf35d88d9cffc202e6046e4c32e1e11a1d0238b2fcf095c94f109e510ececea",
                "sha256:af23b9ca9a874ef0ec20e44467b8edd556c37b0f46f93abfa93752ea7c0e8d1e",
                "sha256:b3794cea825f101fe0df9af8a00f9fad8e119c91e39a28636b95ee2b45b6c2e5",
                "sha256:bb11c982a849dc22782210b01d0c1b98eb3696ce655d58a54180774e4880ac66",
                "sha256:be30cd315db0168063a1755fa20a31119da91afa51da2907553493516e165640",
                "sha256:c6238d30dcff141de076344cf7f52468de61729c2f70d776fce12f55fe8df790",
                "sha256:cb1e44d860345ab5d4f533b6c37565a22f403277f44c4d2d5e06c325da959883",
                "sha256:d4bfe3bc3976ccaeb4ae32f51e631964e2f0e85b2b752721b7a02de5ce3b7f27",
                "sha256:d8ee91e1c295beb5c132ebd78616814de26fedba6aa8687ea460c7f5eb289b72",
                "sha256:e3c00cb5c71da655e1e5161481455479b613d500dd1bd252aa01df4f037c641f",
                "sha256:e9cec3a62d146e8e122d159ab93ac32c988e2ec0dcb1e18e9e53ff2da4fbd30c",
                "sha256:ef4e53e2fdc997d91f5b682f81f7dc9661db9a437acce28745d765d251902d85",
                "sha256:f0148988af0182a0a4e5020e7c168014f2c55a16d11179610f7883dd48ac0ebe",
                "sha256:f20f9f430c33597887ba9bd76635476928e76cad2981643ca8be277b8e97aa96",
                "sha256:f5930d334c2f607711d54761956aedf8137f83f1b764b9640be21d25a976f3a4",
                "sha256:f6a28e87ba69f3a4f30d775b179aac55be1ce59f55799328a0d9b6df8f16b39d",
                "sha256:f9ee98d658a146cb6507be720a0ce1b44f2abef8fb43c2859791d91aace17cd5"
            ],
            "version": "==2021.11.2"
        },
        "requests": {
            "hashes": [
                "sha256:6c1246513ecd5ecd4528a0906f910e8f0f9c6b8ec72030dc9fd154dc1a6efd24",
                "sha256:b8aa58f8cf793ffd8782d3d8cb19e66ef36f7aba4353eec859e74678b01b07a7"
            ],
            "markers": "python_version >= '2.7' and python_version not in '3.0, 3.1, 3.2, 3.3, 3.4, 3.5'",
            "version": "==2.26.0"
        },
        "six": {
            "hashes": [
                "sha256:1e61c37477a1626458e36f7b1d82aa5c9b094fa4802892072e49de9c60c4c926",
                "sha256:8abb2f1d86890a2dfb989f9a77cfcfd3e47c2a354b01111771326f8aa26e0254"
            ],
            "markers": "python_version >= '2.7' and python_version not in '3.0, 3.1, 3.2, 3.3'",
            "version": "==1.16.0"
        },
        "tomli": {
            "hashes": [
                "sha256:c6ce0015eb38820eaf32b5db832dbc26deb3dd427bd5f6556cf0acac2c214fee",
                "sha256:f04066f68f5554911363063a30b108d2b5a5b1a010aa8b6132af78489fe3aade"
            ],
            "markers": "python_version >= '3.6'",
            "version": "==1.2.2"
        },
        "typing-extensions": {
            "hashes": [
                "sha256:49f75d16ff11f1cd258e1b988ccff82a3ca5570217d7ad8c5f48205dd99a677e",
                "sha256:d8226d10bc02a29bcc81df19a26e56a9647f8b0a6d4a83924139f4a8b01f17b7",
                "sha256:f1d25edafde516b146ecd0613dabcc61409817af4766fbbcfb8d1ad4ec441a34"
            ],
            "version": "==3.10.0.2"
        },
        "urllib3": {
            "hashes": [
                "sha256:4987c65554f7a2dbf30c18fd48778ef124af6fab771a377103da0585e2336ece",
                "sha256:c4fdf4019605b6e5423637e01bc9fe4daef873709a7973e195ceba0a62bbc844"
            ],
            "markers": "python_version >= '2.7' and python_version not in '3.0, 3.1, 3.2, 3.3, 3.4' and python_version < '4'",
            "version": "==1.26.7"
        },
        "wcwidth": {
            "hashes": [
                "sha256:beb4802a9cebb9144e99086eff703a642a13d6a0052920003a230f3294bbe784",
                "sha256:c4d647b99872929fdb7bdcaa4fbe7f01413ed3d98077df798530e5b04f116c83"
            ],
            "version": "==0.2.5"
        },
        "xenon": {
            "hashes": [
                "sha256:4c3d7157d9ae058364e130c831702e4a65a1f729d4b4def912418ed09772c851",
                "sha256:cd5cad0930673d0e52609712c63fe4721a8f4c4342dc338bd7ea5fa0666b8515"
            ],
            "index": "pypi",
            "version": "==0.8.0"
        }
    }
}
